
Microsoft Visual Studio Solution File, Format Version 12.00
# Visual Studio Version 17
VisualStudioVersion = 17.3.32929.385
MinimumVisualStudioVersion = 10.0.40219.1
Project("{FAE04EC0-301F-11D3-BF4B-00C04F79EFBC}") = "LibraryAPI", "LibraryAPI\LibraryAPI.csproj", "{A02A5212-ADB3-401E-B773-60926E3FB75F}"
EndProject
Global
	GlobalSection(SolutionConfigurationPlatforms) = preSolution
		Debug|Any CPU = Debug|Any CPU
		Release|Any CPU = Release|Any CPU
	EndGlobalSection
	GlobalSection(ProjectConfigurationPlatforms) = postSolution
		{A02A5212-ADB3-401E-B773-60926E3FB75F}.Debug|Any CPU.ActiveCfg = Debug|Any CPU
		{A02A5212-ADB3-401E-B773-60926E3FB75F}.Debug|Any CPU.Build.0 = Debug|Any CPU
		{A02A5212-ADB3-401E-B773-60926E3FB75F}.Release|Any CPU.ActiveCfg = Release|Any CPU
		{A02A5212-ADB3-401E-B773-60926E3FB75F}.Release|Any CPU.Build.0 = Release|Any CPU
	EndGlobalSection
	GlobalSection(SolutionProperties) = preSolution
		HideSolutionNode = FALSE
	EndGlobalSection
	GlobalSection(ExtensibilityGlobals) = postSolution
		SolutionGuid = {28C82C5B-1FF9-4EF7-999A-9DFFD9A6F467}
	EndGlobalSection
EndGlobal
